
Microsoft Visual Studio Solution File, Format Version 12.00
# Visual Studio Version 16
VisualStudioVersion = 25.0.1706.4
MinimumVisualStudioVersion = 10.0.40219.1
Project("{FAE04EC0-301F-11D3-BF4B-00C04F79EFBC}") = "AccountPayable.API", "AccountPayable.API\AccountPayable.API.csproj", "{BF7D743C-A7A5-448F-AE67-324CA7C23177}"
EndProject
Global
	GlobalSection(SolutionConfigurationPlatforms) = preSolution
		Debug|Any CPU = Debug|Any CPU
		Release|Any CPU = Release|Any CPU
	EndGlobalSection
	GlobalSection(ProjectConfigurationPlatforms) = postSolution
		{BF7D743C-A7A5-448F-AE67-324CA7C23177}.Debug|Any CPU.ActiveCfg = Debug|Any CPU
		{BF7D743C-A7A5-448F-AE67-324CA7C23177}.Debug|Any CPU.Build.0 = Debug|Any CPU
		{BF7D743C-A7A5-448F-AE67-324CA7C23177}.Release|Any CPU.ActiveCfg = Release|Any CPU
		{BF7D743C-A7A5-448F-AE67-324CA7C23177}.Release|Any CPU.Build.0 = Release|Any CPU
	EndGlobalSection
	GlobalSection(SolutionProperties) = preSolution
		HideSolutionNode = FALSE
	EndGlobalSection
	GlobalSection(ExtensibilityGlobals) = postSolution
		SolutionGuid = {634173AA-3DC6-4D04-8CE4-101C7B7AF007}
	EndGlobalSection
EndGlobal
